
Microsoft Visual Studio Solution File, Format Version 12.00
# Visual Studio 15
VisualStudioVersion = 15.0.28010.2050
MinimumVisualStudioVersion = 10.0.40219.1
Project("{FAE04EC0-301F-11D3-BF4B-00C04F79EFBC}") = "02_BOL", "02_BOL\02_BOL.csproj", "{E11D19A8-A7F2-4222-A7EB-E458AC7A68BD}"
EndProject
Project("{FAE04EC0-301F-11D3-BF4B-00C04F79EFBC}") = "web api", "web api\web api.csproj", "{9F9DD95C-66B8-4A38-9AF2-171BD037DA72}"
EndProject
Project("{FAE04EC0-301F-11D3-BF4B-00C04F79EFBC}") = "03_BLL", "03_BLL\03_BLL.csproj", "{D7E10586-FAD3-4287-90A5-99AD85BCFAAD}"
EndProject
Project("{FAE04EC0-301F-11D3-BF4B-00C04F79EFBC}") = "01_DAL", "01_DAL\01_DAL\01_DAL.csproj", "{C79DA780-BCB1-4100-8718-200221317353}"
EndProject
Global
	GlobalSection(SolutionConfigurationPlatforms) = preSolution
		Debug|Any CPU = Debug|Any CPU
		Debug|ARM = Debug|ARM
		Debug|x64 = Debug|x64
		Debug|x86 = Debug|x86
		Release|Any CPU = Release|Any CPU
		Release|ARM = Release|ARM
		Release|x64 = Release|x64
		Release|x86 = Release|x86
	EndGlobalSection
	GlobalSection(ProjectConfigurationPlatforms) = postSolution
		{E11D19A8-A7F2-4222-A7EB-E458AC7A68BD}.Debug|Any CPU.ActiveCfg = Debug|Any CPU
		{E11D19A8-A7F2-4222-A7EB-E458AC7A68BD}.Debug|Any CPU.Build.0 = Debug|Any CPU
		{E11D19A8-A7F2-4222-A7EB-E458AC7A68BD}.Debug|ARM.ActiveCfg = Debug|Any CPU
		{E11D19A8-A7F2-4222-A7EB-E458AC7A68BD}.Debug|ARM.Build.0 = Debug|Any CPU
		{E11D19A8-A7F2-4222-A7EB-E458AC7A68BD}.Debug|x64.ActiveCfg = Debug|Any CPU
		{E11D19A8-A7F2-4222-A7EB-E458AC7A68BD}.Debug|x64.Build.0 = Debug|Any CPU
		{E11D19A8-A7F2-4222-A7EB-E458AC7A68BD}.Debug|x86.ActiveCfg = Debug|Any CPU
		{E11D19A8-A7F2-4222-A7EB-E458AC7A68BD}.Debug|x86.Build.0 = Debug|Any CPU
		{E11D19A8-A7F2-4222-A7EB-E458AC7A68BD}.Release|Any CPU.ActiveCfg = Release|Any CPU
		{E11D19A8-A7F2-4222-A7EB-E458AC7A68BD}.Release|Any CPU.Build.0 = Release|Any CPU
		{E11D19A8-A7F2-4222-A7EB-E458AC7A68BD}.Release|ARM.ActiveCfg = Release|Any CPU
		{E11D19A8-A7F2-4222-A7EB-E458AC7A68BD}.Release|ARM.Build.0 = Release|Any CPU
		{E11D19A8-A7F2-4222-A7EB-E458AC7A68BD}.Release|x64.ActiveCfg = Release|Any CPU
		{E11D19A8-A7F2-4222-A7EB-E458AC7A68BD}.Release|x64.Build.0 = Release|Any CPU
		{E11D19A8-A7F2-4222-A7EB-E458AC7A68BD}.Release|x86.ActiveCfg = Release|Any CPU
		{E11D19A8-A7F2-4222-A7EB-E458AC7A68BD}.Release|x86.Build.0 = Release|Any CPU
		{9F9DD95C-66B8-4A38-9AF2-171BD037DA72}.Debug|Any CPU.ActiveCfg = Debug|Any CPU
		{9F9DD95C-66B8-4A38-9AF2-171BD037DA72}.Debug|Any CPU.Build.0 = Debug|Any CPU
		{9F9DD95C-66B8-4A38-9AF2-171BD037DA72}.Debug|ARM.ActiveCfg = Debug|Any CPU
		{9F9DD95C-66B8-4A38-9AF2-171BD037DA72}.Debug|ARM.Build.0 = Debug|Any CPU
		{9F9DD95C-66B8-4A38-9AF2-171BD037DA72}.Debug|x64.ActiveCfg = Debug|Any CPU
		{9F9DD95C-66B8-4A38-9AF2-171BD037DA72}.Debug|x64.Build.0 = Debug|Any CPU
		{9F9DD95C-66B8-4A38-9AF2-171BD037DA72}.Debug|x86.ActiveCfg = Debug|Any CPU
		{9F9DD95C-66B8-4A38-9AF2-171BD037DA72}.Debug|x86.Build.0 = Debug|Any CPU
		{9F9DD95C-66B8-4A38-9AF2-171BD037DA72}.Release|Any CPU.ActiveCfg = Release|Any CPU
		{9F9DD95C-66B8-4A38-9AF2-171BD037DA72}.Release|Any CPU.Build.0 = Release|Any CPU
		{9F9DD95C-66B8-4A38-9AF2-171BD037DA72}.Release|ARM.ActiveCfg = Release|Any CPU
		{9F9DD95C-66B8-4A38-9AF2-171BD037DA72}.Release|ARM.Build.0 = Release|Any CPU
		{9F9DD95C-66B8-4A38-9AF2-171BD037DA72}.Release|x64.ActiveCfg = Release|Any CPU
		{9F9DD95C-66B8-4A38-9AF2-171BD037DA72}.Release|x64.Build.0 = Release|Any CPU
		{9F9DD95C-66B8-4A38-9AF2-171BD037DA72}.Release|x86.ActiveCfg = Release|Any CPU
		{9F9DD95C-66B8-4A38-9AF2-171BD037DA72}.Release|x86.Build.0 = Release|Any CPU
		{D7E10586-FAD3-4287-90A5-99AD85BCFAAD}.Debug|Any CPU.ActiveCfg = Debug|Any CPU
		{D7E10586-FAD3-4287-90A5-99AD85BCFAAD}.Debug|Any CPU.Build.0 = Debug|Any CPU
		{D7E10586-FAD3-4287-90A5-99AD85BCFAAD}.Debug|ARM.ActiveCfg = Debug|Any CPU
		{D7E10586-FAD3-4287-90A5-99AD85BCFAAD}.Debug|ARM.Build.0 = Debug|Any CPU
		{D7E10586-FAD3-4287-90A5-99AD85BCFAAD}.Debug|x64.ActiveCfg = Debug|Any CPU
		{D7E10586-FAD3-4287-90A5-99AD85BCFAAD}.Debug|x64.Build.0 = Debug|Any CPU
		{D7E10586-FAD3-4287-90A5-99AD85BCFAAD}.Debug|x86.ActiveCfg = Debug|Any CPU
		{D7E10586-FAD3-4287-90A5-99AD85BCFAAD}.Debug|x86.Build.0 = Debug|Any CPU
		{D7E10586-FAD3-4287-90A5-99AD85BCFAAD}.Release|Any CPU.ActiveCfg = Release|Any CPU
		{D7E10586-FAD3-4287-90A5-99AD85BCFAAD}.Release|Any CPU.Build.0 = Release|Any CPU
		{D7E10586-FAD3-4287-90A5-99AD85BCFAAD}.Release|ARM.ActiveCfg = Release|Any CPU
		{D7E10586-FAD3-4287-90A5-99AD85BCFAAD}.Release|ARM.Build.0 = Release|Any CPU
		{D7E10586-FAD3-4287-90A5-99AD85BCFAAD}.Release|x64.ActiveCfg = Release|Any CPU
		{D7E10586-FAD3-4287-90A5-99AD85BCFAAD}.Release|x64.Build.0 = Release|Any CPU
		{D7E10586-FAD3-4287-90A5-99AD85BCFAAD}.Release|x86.ActiveCfg = Release|Any CPU
		{D7E10586-FAD3-4287-90A5-99AD85BCFAAD}.Release|x86.Build.0 = Release|Any CPU
		{C79DA780-BCB1-4100-8718-200221317353}.Debug|Any CPU.ActiveCfg = Debug|Any CPU
		{C79DA780-BCB1-4100-8718-200221317353}.Debug|Any CPU.Build.0 = Debug|Any CPU
		{C79DA780-BCB1-4100-8718-200221317353}.Debug|ARM.ActiveCfg = Debug|Any CPU
		{C79DA780-BCB1-4100-8718-200221317353}.Debug|ARM.Build.0 = Debug|Any CPU
		{C79DA780-BCB1-4100-8718-200221317353}.Debug|x64.ActiveCfg = Debug|Any CPU
		{C79DA780-BCB1-4100-8718-200221317353}.Debug|x64.Build.0 = Debug|Any CPU
		{C79DA780-BCB1-4100-8718-200221317353}.Debug|x86.ActiveCfg = Debug|Any CPU
		{C79DA780-BCB1-4100-8718-200221317353}.Debug|x86.Build.0 = Debug|Any CPU
		{C79DA780-BCB1-4100-8718-200221317353}.Release|Any CPU.ActiveCfg = Release|Any CPU
		{C79DA780-BCB1-4100-8718-200221317353}.Release|Any CPU.Build.0 = Release|Any CPU
		{C79DA780-BCB1-4100-8718-200221317353}.Release|ARM.ActiveCfg = Release|Any CPU
		{C79DA780-BCB1-4100-8718-200221317353}.Release|ARM.Build.0 = Release|Any CPU
		{C79DA780-BCB1-4100-8718-200221317353}.Release|x64.ActiveCfg = Release|Any CPU
		{C79DA780-BCB1-4100-8718-200221317353}.Release|x64.Build.0 = Release|Any CPU
		{C79DA780-BCB1-4100-8718-200221317353}.Release|x86.ActiveCfg = Release|Any CPU
		{C79DA780-BCB1-4100-8718-200221317353}.Release|x86.Build.0 = Release|Any CPU
	EndGlobalSection
	GlobalSection(SolutionProperties) = preSolution
		HideSolutionNode = FALSE
	EndGlobalSection
	GlobalSection(ExtensibilityGlobals) = postSolution
		SolutionGuid = {4B27D2A2-D49F-4D24-8440-43AED2460CE7}
	EndGlobalSection
EndGlobal
